
Microsoft Visual Studio Solution File, Format Version 12.00
# Visual Studio Version 17
VisualStudioVersion = 17.6.33723.286
MinimumVisualStudioVersion = 10.0.40219.1
Project("{9A19103F-16F7-4668-BE54-9A1E7A4F7556}") = "WordMemorization", "ProjectExam_2\WordMemorization.csproj", "{97A3199D-E8F5-4221-84B3-E7790DA0B2DF}"
EndProject
Global
	GlobalSection(SolutionConfigurationPlatforms) = preSolution
		Debug|Any CPU = Debug|Any CPU
		Release|Any CPU = Release|Any CPU
	EndGlobalSection
	GlobalSection(ProjectConfigurationPlatforms) = postSolution
		{97A3199D-E8F5-4221-84B3-E7790DA0B2DF}.Debug|Any CPU.ActiveCfg = Debug|Any CPU
		{97A3199D-E8F5-4221-84B3-E7790DA0B2DF}.Debug|Any CPU.Build.0 = Debug|Any CPU
		{97A3199D-E8F5-4221-84B3-E7790DA0B2DF}.Release|Any CPU.ActiveCfg = Release|Any CPU
		{97A3199D-E8F5-4221-84B3-E7790DA0B2DF}.Release|Any CPU.Build.0 = Release|Any CPU
	EndGlobalSection
	GlobalSection(SolutionProperties) = preSolution
		HideSolutionNode = FALSE
	EndGlobalSection
	GlobalSection(ExtensibilityGlobals) = postSolution
		SolutionGuid = {EB8072DE-A1E7-4467-A384-D695C8C8BE9D}
	EndGlobalSection
EndGlobal
